// !$*UTF8*$!
{
	archiveVersion = 1;
	classes = {
	};
	objectVersion = 51;
	objects = {

/* Begin PBXBuildFile section */
		785D6A7725CCD3D500A13B1B /* AppDelegate.swift in Sources */ = {isa = PBXBuildFile; fileRef = 785D6A7625CCD3D500A13B1B /* AppDelegate.swift */; };
		785D6A7925CCD3D500A13B1B /* SceneDelegate.swift in Sources */ = {isa = PBXBuildFile; fileRef = 785D6A7825CCD3D500A13B1B /* SceneDelegate.swift */; };
		785D6A7B25CCD3D500A13B1B /* ViewController.swift in Sources */ = {isa = PBXBuildFile; fileRef = 785D6A7A25CCD3D500A13B1B /* ViewController.swift */; };
		785D6A7E25CCD3D500A13B1B /* Main.storyboard in Resources */ = {isa = PBXBuildFile; fileRef = 785D6A7C25CCD3D500A13B1B /* Main.storyboard */; };
		785D6A8025CCD3D800A13B1B /* Assets.xcassets in Resources */ = {isa = PBXBuildFile; fileRef = 785D6A7F25CCD3D800A13B1B /* Assets.xcassets */; };
		785D6A8325CCD3D800A13B1B /* LaunchScreen.storyboard in Resources */ = {isa = PBXBuildFile; fileRef = 785D6A8125CCD3D800A13B1B /* LaunchScreen.storyboard */; };
		785D6AA325CCD59B00A13B1B /* DataApiManager.swift in Sources */ = {isa = PBXBuildFile; fileRef = 785D6AA225CCD59B00A13B1B /* DataApiManager.swift */; };
		785D6AB725CCD85700A13B1B /* WeatherViewController.swift in Sources */ = {isa = PBXBuildFile; fileRef = 785D6AB525CCD85700A13B1B /* WeatherViewController.swift */; };
		785D6AB825CCD85700A13B1B /* WeatherViewController.xib in Resources */ = {isa = PBXBuildFile; fileRef = 785D6AB625CCD85700A13B1B /* WeatherViewController.xib */; };
		785D6ABB25CCD86400A13B1B /* WeatherViewModel.swift in Sources */ = {isa = PBXBuildFile; fileRef = 785D6ABA25CCD86400A13B1B /* WeatherViewModel.swift */; };
		785D6ABF25CCD8F000A13B1B /* WeatherTableViewCell.swift in Sources */ = {isa = PBXBuildFile; fileRef = 785D6ABD25CCD8F000A13B1B /* WeatherTableViewCell.swift */; };
		785D6AC025CCD8F000A13B1B /* WeatherTableViewCell.xib in Resources */ = {isa = PBXBuildFile; fileRef = 785D6ABE25CCD8F000A13B1B /* WeatherTableViewCell.xib */; };
		785D6AD225CCFB8B00A13B1B /* Define.swift in Sources */ = {isa = PBXBuildFile; fileRef = 785D6AD125CCFB8B00A13B1B /* Define.swift */; };
		785D6AD625CD0C2200A13B1B /* RepoModel.swift in Sources */ = {isa = PBXBuildFile; fileRef = 785D6AD525CD0C2200A13B1B /* RepoModel.swift */; };
		78B3FB15EACC43F86F5B82A4 /* Pods_MVVMSample.framework in Frameworks */ = {isa = PBXBuildFile; fileRef = BC9E9FE0FD35DE7D351F0E65 /* Pods_MVVMSample.framework */; };
/* End PBXBuildFile section */

/* Begin PBXFileReference section */
		67ABBA3C31DD1F052664F899 /* Pods-MVVMSample.debug.xcconfig */ = {isa = PBXFileReference; includeInIndex = 1; lastKnownFileType = text.xcconfig; name = "Pods-MVVMSample.debug.xcconfig"; path = "Target Support Files/Pods-MVVMSample/Pods-MVVMSample.debug.xcconfig"; sourceTree = "<group>"; };
		785D6A7325CCD3D500A13B1B /* MVVMSample.app */ = {isa = PBXFileReference; explicitFileType = wrapper.application; includeInIndex = 0; path = MVVMSample.app; sourceTree = BUILT_PRODUCTS_DIR; };
		785D6A7625CCD3D500A13B1B /* AppDelegate.swift */ = {isa = PBXFileReference; lastKnownFileType = sourcecode.swift; path = AppDelegate.swift; sourceTree = "<group>"; };
		785D6A7825CCD3D500A13B1B /* SceneDelegate.swift */ = {isa = PBXFileReference; lastKnownFileType = sourcecode.swift; path = SceneDelegate.swift; sourceTree = "<group>"; };
		785D6A7A25CCD3D500A13B1B /* ViewController.swift */ = {isa = PBXFileReference; lastKnownFileType = sourcecode.swift; path = ViewController.swift; sourceTree = "<group>"; };
		785D6A7D25CCD3D500A13B1B /* Base */ = {isa = PBXFileReference; lastKnownFileType = file.storyboard; name = Base; path = Base.lproj/Main.storyboard; sourceTree = "<group>"; };
		785D6A7F25CCD3D800A13B1B /* Assets.xcassets */ = {isa = PBXFileReference; lastKnownFileType = folder.assetcatalog; path = Assets.xcassets; sourceTree = "<group>"; };
		785D6A8225CCD3D800A13B1B /* Base */ = {isa = PBXFileReference; lastKnownFileType = file.storyboard; name = Base; path = Base.lproj/LaunchScreen.storyboard; sourceTree = "<group>"; };
		785D6A8425CCD3D800A13B1B /* Info.plist */ = {isa = PBXFileReference; lastKnownFileType = text.plist.xml; path = Info.plist; sourceTree = "<group>"; };
		785D6AA225CCD59B00A13B1B /* DataApiManager.swift */ = {isa = PBXFileReference; fileEncoding = 4; lastKnownFileType = sourcecode.swift; path = DataApiManager.swift; sourceTree = "<group>"; };
		785D6AB525CCD85700A13B1B /* WeatherViewController.swift */ = {isa = PBXFileReference; lastKnownFileType = sourcecode.swift; path = WeatherViewController.swift; sourceTree = "<group>"; };
		785D6AB625CCD85700A13B1B /* WeatherViewController.xib */ = {isa = PBXFileReference; lastKnownFileType = file.xib; path = WeatherViewController.xib; sourceTree = "<group>"; };
		785D6ABA25CCD86400A13B1B /* WeatherViewModel.swift */ = {isa = PBXFileReference; lastKnownFileType = sourcecode.swift; path = WeatherViewModel.swift; sourceTree = "<group>"; };
		785D6ABD25CCD8F000A13B1B /* WeatherTableViewCell.swift */ = {isa = PBXFileReference; lastKnownFileType = sourcecode.swift; path = WeatherTableViewCell.swift; sourceTree = "<group>"; };
		785D6ABE25CCD8F000A13B1B /* WeatherTableViewCell.xib */ = {isa = PBXFileReference; lastKnownFileType = file.xib; path = WeatherTableViewCell.xib; sourceTree = "<group>"; };
		785D6AD125CCFB8B00A13B1B /* Define.swift */ = {isa = PBXFileReference; lastKnownFileType = sourcecode.swift; path = Define.swift; sourceTree = "<group>"; };
		785D6AD525CD0C2200A13B1B /* RepoModel.swift */ = {isa = PBXFileReference; lastKnownFileType = sourcecode.swift; path = RepoModel.swift; sourceTree = "<group>"; };
		85FE496188DEF9C5B8DE00B4 /* Pods-MVVMSample.release.xcconfig */ = {isa = PBXFileReference; includeInIndex = 1; lastKnownFileType = text.xcconfig; name = "Pods-MVVMSample.release.xcconfig"; path = "Target Support Files/Pods-MVVMSample/Pods-MVVMSample.release.xcconfig"; sourceTree = "<group>"; };
		BC9E9FE0FD35DE7D351F0E65 /* Pods_MVVMSample.framework */ = {isa = PBXFileReference; explicitFileType = wrapper.framework; includeInIndex = 0; path = Pods_MVVMSample.framework; sourceTree = BUILT_PRODUCTS_DIR; };
/* End PBXFileReference section */

/* Begin PBXFrameworksBuildPhase section */
		785D6A7025CCD3D500A13B1B /* Frameworks */ = {
			isa = PBXFrameworksBuildPhase;
			buildActionMask = 2147483647;
			files = (
				78B3FB15EACC43F86F5B82A4 /* Pods_MVVMSample.framework in Frameworks */,
			);
			runOnlyForDeploymentPostprocessing = 0;
		};
/* End PBXFrameworksBuildPhase section */

/* Begin PBXGroup section */
		02771EEBF74D6B5F07CE0F7A /* Frameworks */ = {
			isa = PBXGroup;
			children = (
				BC9E9FE0FD35DE7D351F0E65 /* Pods_MVVMSample.framework */,
			);
			name = Frameworks;
			sourceTree = "<group>";
		};
		6BA8B9A2346CB3BD61F2AF69 /* Pods */ = {
			isa = PBXGroup;
			children = (
				67ABBA3C31DD1F052664F899 /* Pods-MVVMSample.debug.xcconfig */,
				85FE496188DEF9C5B8DE00B4 /* Pods-MVVMSample.release.xcconfig */,
			);
			path = Pods;
			sourceTree = "<group>";
		};
		785D6A6A25CCD3D500A13B1B = {
			isa = PBXGroup;
			children = (
				785D6A7525CCD3D500A13B1B /* MVVMSample */,
				785D6A7425CCD3D500A13B1B /* Products */,
				6BA8B9A2346CB3BD61F2AF69 /* Pods */,
				02771EEBF74D6B5F07CE0F7A /* Frameworks */,
			);
			sourceTree = "<group>";
		};
		785D6A7425CCD3D500A13B1B /* Products */ = {
			isa = PBXGroup;
			children = (
				785D6A7325CCD3D500A13B1B /* MVVMSample.app */,
			);
			name = Products;
			sourceTree = "<group>";
		};
		785D6A7525CCD3D500A13B1B /* MVVMSample */ = {
			isa = PBXGroup;
			children = (
				785D6AD025CCFB7A00A13B1B /* Define */,
				785D6AC225CCDC3500A13B1B /* Model */,
				785D6AA125CCD59B00A13B1B /* Manager */,
				785D6A7625CCD3D500A13B1B /* AppDelegate.swift */,
				785D6A7825CCD3D500A13B1B /* SceneDelegate.swift */,
				785D6A7A25CCD3D500A13B1B /* ViewController.swift */,
				785D6A7C25CCD3D500A13B1B /* Main.storyboard */,
				785D6A7F25CCD3D800A13B1B /* Assets.xcassets */,
				785D6A8125CCD3D800A13B1B /* LaunchScreen.storyboard */,
				785D6A8425CCD3D800A13B1B /* Info.plist */,
				785D6AB625CCD85700A13B1B /* WeatherViewController.xib */,
				785D6AB525CCD85700A13B1B /* WeatherViewController.swift */,
				785D6ABA25CCD86400A13B1B /* WeatherViewModel.swift */,
				785D6ABE25CCD8F000A13B1B /* WeatherTableViewCell.xib */,
				785D6ABD25CCD8F000A13B1B /* WeatherTableViewCell.swift */,
			);
			path = MVVMSample;
			sourceTree = "<group>";
		};
		785D6AA125CCD59B00A13B1B /* Manager */ = {
			isa = PBXGroup;
			children = (
				785D6AA225CCD59B00A13B1B /* DataApiManager.swift */,
			);
			path = Manager;
			sourceTree = "<group>";
		};
		785D6AC225CCDC3500A13B1B /* Model */ = {
			isa = PBXGroup;
			children = (
				785D6AD525CD0C2200A13B1B /* RepoModel.swift */,
			);
			path = Model;
			sourceTree = "<group>";
		};
		785D6AD025CCFB7A00A13B1B /* Define */ = {
			isa = PBXGroup;
			children = (
				785D6AD125CCFB8B00A13B1B /* Define.swift */,
			);
			path = Define;
			sourceTree = "<group>";
		};
/* End PBXGroup section */

/* Begin PBXNativeTarget section */
		785D6A7225CCD3D500A13B1B /* MVVMSample */ = {
			isa = PBXNativeTarget;
			buildConfigurationList = 785D6A8725CCD3D800A13B1B /* Build configuration list for PBXNativeTarget "MVVMSample" */;
			buildPhases = (
				0D2E4A4A44480FBA1E68129D /* [CP] Check Pods Manifest.lock */,
				785D6A6F25CCD3D500A13B1B /* Sources */,
				785D6A7025CCD3D500A13B1B /* Frameworks */,
				785D6A7125CCD3D500A13B1B /* Resources */,
				4B4578245E388808FD97ECEF /* [CP] Embed Pods Frameworks */,
			);
			buildRules = (
			);
			dependencies = (
			);
			name = MVVMSample;
			productName = MVVMSample;
			productReference = 785D6A7325CCD3D500A13B1B /* MVVMSample.app */;
			productType = "com.apple.product-type.application";
		};
/* End PBXNativeTarget section */

/* Begin PBXProject section */
		785D6A6B25CCD3D500A13B1B /* Project object */ = {
			isa = PBXProject;
			attributes = {
				LastSwiftUpdateCheck = 1220;
				LastUpgradeCheck = 1220;
				TargetAttributes = {
					785D6A7225CCD3D500A13B1B = {
						CreatedOnToolsVersion = 12.2;
					};
				};
			};
			buildConfigurationList = 785D6A6E25CCD3D500A13B1B /* Build configuration list for PBXProject "MVVMSample" */;
			compatibilityVersion = "Xcode 9.3";
			developmentRegion = en;
			hasScannedForEncodings = 0;
			knownRegions = (
				en,
				Base,
			);
			mainGroup = 785D6A6A25CCD3D500A13B1B;
			productRefGroup = 785D6A7425CCD3D500A13B1B /* Products */;
			projectDirPath = "";
			projectRoot = "";
			targets = (
				785D6A7225CCD3D500A13B1B /* MVVMSample */,
			);
		};
/* End PBXProject section */

/* Begin PBXResourcesBuildPhase section */
		785D6A7125CCD3D500A13B1B /* Resources */ = {
			isa = PBXResourcesBuildPhase;
			buildActionMask = 2147483647;
			files = (
				785D6A8325CCD3D800A13B1B /* LaunchScreen.storyboard in Resources */,
				785D6AB825CCD85700A13B1B /* WeatherViewController.xib in Resources */,
				785D6AC025CCD8F000A13B1B /* WeatherTableViewCell.xib in Resources */,
				785D6A8025CCD3D800A13B1B /* Assets.xcassets in Resources */,
				785D6A7E25CCD3D500A13B1B /* Main.storyboard in Resources */,
			);
			runOnlyForDeploymentPostprocessing = 0;
		};
/* End PBXResourcesBuildPhase section */

/* Begin PBXShellScriptBuildPhase section */
		0D2E4A4A44480FBA1E68129D /* [CP] Check Pods Manifest.lock */ = {
			isa = PBXShellScriptBuildPhase;
			buildActionMask = 2147483647;
			files = (
			);
			inputFileListPaths = (
			);
			inputPaths = (
				"${PODS_PODFILE_DIR_PATH}/Podfile.lock",
				"${PODS_ROOT}/Manifest.lock",
			);
			name = "[CP] Check Pods Manifest.lock";
			outputFileListPaths = (
			);
			outputPaths = (
				"$(DERIVED_FILE_DIR)/Pods-MVVMSample-checkManifestLockResult.txt",
			);
			runOnlyForDeploymentPostprocessing = 0;
			shellPath = /bin/sh;
			shellScript = "diff \"${PODS_PODFILE_DIR_PATH}/Podfile.lock\" \"${PODS_ROOT}/Manifest.lock\" > /dev/null\nif [ $? != 0 ] ; then\n    # print error to STDERR\n    echo \"error: The sandbox is not in sync with the Podfile.lock. Run 'pod install' or update your CocoaPods installation.\" >&2\n    exit 1\nfi\n# This output is used by Xcode 'outputs' to avoid re-running this script phase.\necho \"SUCCESS\" > \"${SCRIPT_OUTPUT_FILE_0}\"\n";
			showEnvVarsInLog = 0;
		};
		4B4578245E388808FD97ECEF /* [CP] Embed Pods Frameworks */ = {
			isa = PBXShellScriptBuildPhase;
			buildActionMask = 2147483647;
			files = (
			);
			inputFileListPaths = (
				"${PODS_ROOT}/Target Support Files/Pods-MVVMSample/Pods-MVVMSample-frameworks-${CONFIGURATION}-input-files.xcfilelist",
			);
			name = "[CP] Embed Pods Frameworks";
			outputFileListPaths = (
				"${PODS_ROOT}/Target Support Files/Pods-MVVMSample/Pods-MVVMSample-frameworks-${CONFIGURATION}-output-files.xcfilelist",
			);
			runOnlyForDeploymentPostprocessing = 0;
			shellPath = /bin/sh;
			shellScript = "\"${PODS_ROOT}/Target Support Files/Pods-MVVMSample/Pods-MVVMSample-frameworks.sh\"\n";
			showEnvVarsInLog = 0;
		};
/* End PBXShellScriptBuildPhase section */

/* Begin PBXSourcesBuildPhase section */
		785D6A6F25CCD3D500A13B1B /* Sources */ = {
			isa = PBXSourcesBuildPhase;
			buildActionMask = 2147483647;
			files = (
				785D6A7B25CCD3D500A13B1B /* ViewController.swift in Sources */,
				785D6ABB25CCD86400A13B1B /* WeatherViewModel.swift in Sources */,
				785D6AD225CCFB8B00A13B1B /* Define.swift in Sources */,
				785D6ABF25CCD8F000A13B1B /* WeatherTableViewCell.swift in Sources */,
				785D6AB725CCD85700A13B1B /* WeatherViewController.swift in Sources */,
				785D6AD625CD0C2200A13B1B /* RepoModel.swift in Sources */,
				785D6A7725CCD3D500A13B1B /* AppDelegate.swift in Sources */,
				785D6AA325CCD59B00A13B1B /* DataApiManager.swift in Sources */,
				785D6A7925CCD3D500A13B1B /* SceneDelegate.swift in Sources */,
			);
			runOnlyForDeploymentPostprocessing = 0;
		};
/* End PBXSourcesBuildPhase section */

/* Begin PBXVariantGroup section */
		785D6A7C25CCD3D500A13B1B /* Main.storyboard */ = {
			isa = PBXVariantGroup;
			children = (
				785D6A7D25CCD3D500A13B1B /* Base */,
			);
			name = Main.storyboard;
			sourceTree = "<group>";
		};
		785D6A8125CCD3D800A13B1B /* LaunchScreen.storyboard */ = {
			isa = PBXVariantGroup;
			children = (
				785D6A8225CCD3D800A13B1B /* Base */,
			);
			name = LaunchScreen.storyboard;
			sourceTree = "<group>";
		};
/* End PBXVariantGroup section */

/* Begin XCBuildConfiguration section */
		785D6A8525CCD3D800A13B1B /* Debug */ = {
			isa = XCBuildConfiguration;
			buildSettings = {
				ALWAYS_SEARCH_USER_PATHS = NO;
				CLANG_ANALYZER_NONNULL = YES;
				CLANG_ANALYZER_NUMBER_OBJECT_CONVERSION = YES_AGGRESSIVE;
				CLANG_CXX_LANGUAGE_STANDARD = "gnu++14";
				CLANG_CXX_LIBRARY = "libc++";
				CLANG_ENABLE_MODULES = YES;
				CLANG_ENABLE_OBJC_ARC = YES;
				CLANG_ENABLE_OBJC_WEAK = YES;
				CLANG_WARN_BLOCK_CAPTURE_AUTORELEASING = YES;
				CLANG_WARN_BOOL_CONVERSION = YES;
				CLANG_WARN_COMMA = YES;
				CLANG_WARN_CONSTANT_CONVERSION = YES;
				CLANG_WARN_DEPRECATED_OBJC_IMPLEMENTATIONS = YES;
				CLANG_WARN_DIRECT_OBJC_ISA_USAGE = YES_ERROR;
				CLANG_WARN_DOCUMENTATION_COMMENTS = YES;
				CLANG_WARN_EMPTY_BODY = YES;
				CLANG_WARN_ENUM_CONVERSION = YES;
				CLANG_WARN_INFINITE_RECURSION = YES;
				CLANG_WARN_INT_CONVERSION = YES;
				CLANG_WARN_NON_LITERAL_NULL_CONVERSION = YES;
				CLANG_WARN_OBJC_IMPLICIT_RETAIN_SELF = YES;
				CLANG_WARN_OBJC_LITERAL_CONVERSION = YES;
				CLANG_WARN_OBJC_ROOT_CLASS = YES_ERROR;
				CLANG_WARN_QUOTED_INCLUDE_IN_FRAMEWORK_HEADER = YES;
				CLANG_WARN_RANGE_LOOP_ANALYSIS = YES;
				CLANG_WARN_STRICT_PROTOTYPES = YES;
				CLANG_WARN_SUSPICIOUS_MOVE = YES;
				CLANG_WARN_UNGUARDED_AVAILABILITY = YES_AGGRESSIVE;
				CLANG_WARN_UNREACHABLE_CODE = YES;
				CLANG_WARN__DUPLICATE_METHOD_MATCH = YES;
				COPY_PHASE_STRIP = NO;
				DEBUG_INFORMATION_FORMAT = dwarf;
				ENABLE_STRICT_OBJC_MSGSEND = YES;
				ENABLE_TESTABILITY = YES;
				GCC_C_LANGUAGE_STANDARD = gnu11;
				GCC_DYNAMIC_NO_PIC = NO;
				GCC_NO_COMMON_BLOCKS = YES;
				GCC_OPTIMIZATION_LEVEL = 0;
				GCC_PREPROCESSOR_DEFINITIONS = (
					"DEBUG=1",
					"$(inherited)",
				);
				GCC_WARN_64_TO_32_BIT_CONVERSION = YES;
				GCC_WARN_ABOUT_RETURN_TYPE = YES_ERROR;
				GCC_WARN_UNDECLARED_SELECTOR = YES;
				GCC_WARN_UNINITIALIZED_AUTOS = YES_AGGRESSIVE;
				GCC_WARN_UNUSED_FUNCTION = YES;
				GCC_WARN_UNUSED_VARIABLE = YES;
				IPHONEOS_DEPLOYMENT_TARGET = 14.2;
				MTL_ENABLE_DEBUG_INFO = INCLUDE_SOURCE;
				MTL_FAST_MATH = YES;
				ONLY_ACTIVE_ARCH = YES;
				SDKROOT = iphoneos;
				SWIFT_ACTIVE_COMPILATION_CONDITIONS = DEBUG;
				SWIFT_OPTIMIZATION_LEVEL = "-Onone";
			};
			name = Debug;
		};
		785D6A8625CCD3D800A13B1B /* Release */ = {
			isa = XCBuildConfiguration;
			buildSettings = {
				ALWAYS_SEARCH_USER_PATHS = NO;
				CLANG_ANALYZER_NONNULL = YES;
				CLANG_ANALYZER_NUMBER_OBJECT_CONVERSION = YES_AGGRESSIVE;
				CLANG_CXX_LANGUAGE_STANDARD = "gnu++14";
				CLANG_CXX_LIBRARY = "libc++";
				CLANG_ENABLE_MODULES = YES;
				CLANG_ENABLE_OBJC_ARC = YES;
				CLANG_ENABLE_OBJC_WEAK = YES;
				CLANG_WARN_BLOCK_CAPTURE_AUTORELEASING = YES;
				CLANG_WARN_BOOL_CONVERSION = YES;
				CLANG_WARN_COMMA = YES;
				CLANG_WARN_CONSTANT_CONVERSION = YES;
				CLANG_WARN_DEPRECATED_OBJC_IMPLEMENTATIONS = YES;
				CLANG_WARN_DIRECT_OBJC_ISA_USAGE = YES_ERROR;
				CLANG_WARN_DOCUMENTATION_COMMENTS = YES;
				CLANG_WARN_EMPTY_BODY = YES;
				CLANG_WARN_ENUM_CONVERSION = YES;
				CLANG_WARN_INFINITE_RECURSION = YES;
				CLANG_WARN_INT_CONVERSION = YES;
				CLANG_WARN_NON_LITERAL_NULL_CONVERSION = YES;
				CLANG_WARN_OBJC_IMPLICIT_RETAIN_SELF = YES;
				CLANG_WARN_OBJC_LITERAL_CONVERSION = YES;
				CLANG_WARN_OBJC_ROOT_CLASS = YES_ERROR;
				CLANG_WARN_QUOTED_INCLUDE_IN_FRAMEWORK_HEADER = YES;
				CLANG_WARN_RANGE_LOOP_ANALYSIS = YES;
				CLANG_WARN_STRICT_PROTOTYPES = YES;
				CLANG_WARN_SUSPICIOUS_MOVE = YES;
				CLANG_WARN_UNGUARDED_AVAILABILITY = YES_AGGRESSIVE;
				CLANG_WARN_UNREACHABLE_CODE = YES;
				CLANG_WARN__DUPLICATE_METHOD_MATCH = YES;
				COPY_PHASE_STRIP = NO;
				DEBUG_INFORMATION_FORMAT = "dwarf-with-dsym";
				ENABLE_NS_ASSERTIONS = NO;
				ENABLE_STRICT_OBJC_MSGSEND = YES;
				GCC_C_LANGUAGE_STANDARD = gnu11;
				GCC_NO_COMMON_BLOCKS = YES;
				GCC_WARN_64_TO_32_BIT_CONVERSION = YES;
				GCC_WARN_ABOUT_RETURN_TYPE = YES_ERROR;
				GCC_WARN_UNDECLARED_SELECTOR = YES;
				GCC_WARN_UNINITIALIZED_AUTOS = YES_AGGRESSIVE;
				GCC_WARN_UNUSED_FUNCTION = YES;
				GCC_WARN_UNUSED_VARIABLE = YES;
				IPHONEOS_DEPLOYMENT_TARGET = 14.2;
				MTL_ENABLE_DEBUG_INFO = NO;
				MTL_FAST_MATH = YES;
				SDKROOT = iphoneos;
				SWIFT_COMPILATION_MODE = wholemodule;
				SWIFT_OPTIMIZATION_LEVEL = "-O";
				VALIDATE_PRODUCT = YES;
			};
			name = Release;
		};
		785D6A8825CCD3D800A13B1B /* Debug */ = {
			isa = XCBuildConfiguration;
			baseConfigurationReference = 67ABBA3C31DD1F052664F899 /* Pods-MVVMSample.debug.xcconfig */;
			buildSettings = {
				ASSETCATALOG_COMPILER_APPICON_NAME = AppIcon;
				ASSETCATALOG_COMPILER_GLOBAL_ACCENT_COLOR_NAME = AccentColor;
				CODE_SIGN_STYLE = Automatic;
				DEVELOPMENT_TEAM = P4ZJYAK634;
				INFOPLIST_FILE = MVVMSample/Info.plist;
				LD_RUNPATH_SEARCH_PATHS = (
					"$(inherited)",
					"@executable_path/Frameworks",
				);
				PRODUCT_BUNDLE_IDENTIFIER = com.hanwe.MVVMSample;
				PRODUCT_NAME = "$(TARGET_NAME)";
				SWIFT_VERSION = 5.0;
				TARGETED_DEVICE_FAMILY = "1,2";
			};
			name = Debug;
		};
		785D6A8925CCD3D800A13B1B /* Release */ = {
			isa = XCBuildConfiguration;
			baseConfigurationReference = 85FE496188DEF9C5B8DE00B4 /* Pods-MVVMSample.release.xcconfig */;
			buildSettings = {
				ASSETCATALOG_COMPILER_APPICON_NAME = AppIcon;
				ASSETCATALOG_COMPILER_GLOBAL_ACCENT_COLOR_NAME = AccentColor;
				CODE_SIGN_STYLE = Automatic;
				DEVELOPMENT_TEAM = P4ZJYAK634;
				INFOPLIST_FILE = MVVMSample/Info.plist;
				LD_RUNPATH_SEARCH_PATHS = (
					"$(inherited)",
					"@executable_path/Frameworks",
				);
				PRODUCT_BUNDLE_IDENTIFIER = com.hanwe.MVVMSample;
				PRODUCT_NAME = "$(TARGET_NAME)";
				SWIFT_VERSION = 5.0;
				TARGETED_DEVICE_FAMILY = "1,2";
			};
			name = Release;
		};
/* End XCBuildConfiguration section */

/* Begin XCConfigurationList section */
		785D6A6E25CCD3D500A13B1B /* Build configuration list for PBXProject "MVVMSample" */ = {
			isa = XCConfigurationList;
			buildConfigurations = (
				785D6A8525CCD3D800A13B1B /* Debug */,
				785D6A8625CCD3D800A13B1B /* Release */,
			);
			defaultConfigurationIsVisible = 0;
			defaultConfigurationName = Release;
		};
		785D6A8725CCD3D800A13B1B /* Build configuration list for PBXNativeTarget "MVVMSample" */ = {
			isa = XCConfigurationList;
			buildConfigurations = (
				785D6A8825CCD3D800A13B1B /* Debug */,
				785D6A8925CCD3D800A13B1B /* Release */,
			);
			defaultConfigurationIsVisible = 0;
			defaultConfigurationName = Release;
		};
/* End XCConfigurationList section */
	};
	rootObject = 785D6A6B25CCD3D500A13B1B /* Project object */;
}
